
Microsoft Visual Studio Solution File, Format Version 12.00
# Visual Studio Version 16
VisualStudioVersion = 16.0.31205.134
MinimumVisualStudioVersion = 10.0.40219.1
Project("{9A19103F-16F7-4668-BE54-9A1E7A4F7556}") = "PRO2_DABD1249321", "PRO2_DABD1249321\PRO2_DABD1249321.csproj", "{3105C57B-B57D-4B65-B74B-8224D7D66904}"
EndProject
Global
	GlobalSection(SolutionConfigurationPlatforms) = preSolution
		Debug|Any CPU = Debug|Any CPU
		Release|Any CPU = Release|Any CPU
	EndGlobalSection
	GlobalSection(ProjectConfigurationPlatforms) = postSolution
		{3105C57B-B57D-4B65-B74B-8224D7D66904}.Debug|Any CPU.ActiveCfg = Debug|Any CPU
		{3105C57B-B57D-4B65-B74B-8224D7D66904}.Debug|Any CPU.Build.0 = Debug|Any CPU
		{3105C57B-B57D-4B65-B74B-8224D7D66904}.Release|Any CPU.ActiveCfg = Release|Any CPU
		{3105C57B-B57D-4B65-B74B-8224D7D66904}.Release|Any CPU.Build.0 = Release|Any CPU
	EndGlobalSection
	GlobalSection(SolutionProperties) = preSolution
		HideSolutionNode = FALSE
	EndGlobalSection
	GlobalSection(ExtensibilityGlobals) = postSolution
		SolutionGuid = {5E3AFEC4-04E0-472E-9C20-AFB7BDB8F277}
	EndGlobalSection
EndGlobal
